
Microsoft Visual Studio Solution File, Format Version 12.00
# Visual Studio Version 17
VisualStudioVersion = 17.5.002.0
MinimumVisualStudioVersion = 10.0.40219.1
Project("{2150E333-8FDC-42A3-9474-1A3956D46DE8}") = "src", "src", "{A3B80086-3CB2-4C0C-A88A-2359751A33EC}"
EndProject
Project("{9A19103F-16F7-4668-BE54-9A1E7A4F7556}") = "TodoApi", "src\TodoApi\TodoApi.csproj", "{048745CE-0022-4F87-8095-31BE21D87F4E}"
EndProject
Global
	GlobalSection(SolutionConfigurationPlatforms) = preSolution
		Debug|Any CPU = Debug|Any CPU
		Release|Any CPU = Release|Any CPU
	EndGlobalSection
	GlobalSection(ProjectConfigurationPlatforms) = postSolution
		{048745CE-0022-4F87-8095-31BE21D87F4E}.Debug|Any CPU.ActiveCfg = Debug|Any CPU
		{048745CE-0022-4F87-8095-31BE21D87F4E}.Debug|Any CPU.Build.0 = Debug|Any CPU
		{048745CE-0022-4F87-8095-31BE21D87F4E}.Release|Any CPU.ActiveCfg = Release|Any CPU
		{048745CE-0022-4F87-8095-31BE21D87F4E}.Release|Any CPU.Build.0 = Release|Any CPU
	EndGlobalSection
	GlobalSection(SolutionProperties) = preSolution
		HideSolutionNode = FALSE
	EndGlobalSection
	GlobalSection(NestedProjects) = preSolution
		{048745CE-0022-4F87-8095-31BE21D87F4E} = {A3B80086-3CB2-4C0C-A88A-2359751A33EC}
	EndGlobalSection
	GlobalSection(ExtensibilityGlobals) = postSolution
		SolutionGuid = {531866DC-A304-48DE-911C-7EBF369B59DC}
	EndGlobalSection
EndGlobal
